
Microsoft Visual Studio Solution File, Format Version 12.00
# Visual Studio 15
VisualStudioVersion = 15.0.26430.13
MinimumVisualStudioVersion = 10.0.40219.1
Project("{FAE04EC0-301F-11D3-BF4B-00C04F79EFBC}") = "RVApi", "RVApi\RVApi.csproj", "{C88610E0-4903-49DB-8216-72A51DB80EC8}"
EndProject
Project("{FAE04EC0-301F-11D3-BF4B-00C04F79EFBC}") = "RVApiHandler", "RVApiHandler\RVApiHandler.csproj", "{BA934218-B69E-4758-B69C-6BFFFCC4CBF7}"
EndProject
Project("{FAE04EC0-301F-11D3-BF4B-00C04F79EFBC}") = "RVApiHandler.Tests", "RVApiHandler.Tests\RVApiHandler.Tests.csproj", "{EF1A4F19-0704-40E8-B299-AAAC147EA700}"
EndProject
Global
	GlobalSection(SolutionConfigurationPlatforms) = preSolution
		Debug|Any CPU = Debug|Any CPU
		Release|Any CPU = Release|Any CPU
	EndGlobalSection
	GlobalSection(ProjectConfigurationPlatforms) = postSolution
		{C88610E0-4903-49DB-8216-72A51DB80EC8}.Debug|Any CPU.ActiveCfg = Debug|Any CPU
		{C88610E0-4903-49DB-8216-72A51DB80EC8}.Debug|Any CPU.Build.0 = Debug|Any CPU
		{C88610E0-4903-49DB-8216-72A51DB80EC8}.Release|Any CPU.ActiveCfg = Release|Any CPU
		{C88610E0-4903-49DB-8216-72A51DB80EC8}.Release|Any CPU.Build.0 = Release|Any CPU
		{BA934218-B69E-4758-B69C-6BFFFCC4CBF7}.Debug|Any CPU.ActiveCfg = Debug|Any CPU
		{BA934218-B69E-4758-B69C-6BFFFCC4CBF7}.Debug|Any CPU.Build.0 = Debug|Any CPU
		{BA934218-B69E-4758-B69C-6BFFFCC4CBF7}.Release|Any CPU.ActiveCfg = Release|Any CPU
		{BA934218-B69E-4758-B69C-6BFFFCC4CBF7}.Release|Any CPU.Build.0 = Release|Any CPU
		{EF1A4F19-0704-40E8-B299-AAAC147EA700}.Debug|Any CPU.ActiveCfg = Debug|Any CPU
		{EF1A4F19-0704-40E8-B299-AAAC147EA700}.Debug|Any CPU.Build.0 = Debug|Any CPU
		{EF1A4F19-0704-40E8-B299-AAAC147EA700}.Release|Any CPU.ActiveCfg = Release|Any CPU
		{EF1A4F19-0704-40E8-B299-AAAC147EA700}.Release|Any CPU.Build.0 = Release|Any CPU
	EndGlobalSection
	GlobalSection(SolutionProperties) = preSolution
		HideSolutionNode = FALSE
	EndGlobalSection
	GlobalSection(TeamFoundationVersionControl) = preSolution
		SccNumberOfProjects = 4
		SccEnterpriseProvider = {4CA58AB2-18FA-4F8D-95D4-32DDF27D184C}
		SccTeamFoundationServer = https://tfstestdaveharris.visualstudio.com/
		SccLocalPath0 = .
		SccProjectUniqueName1 = RVApi\\RVApi.csproj
		SccProjectName1 = RVApi
		SccLocalPath1 = RVApi
		SccProjectUniqueName2 = RVApiHandler.Tests\\RVApiHandler.Tests.csproj
		SccProjectName2 = RVApiHandler.Tests
		SccLocalPath2 = RVApiHandler.Tests
		SccProjectUniqueName3 = RVApiHandler\\RVApiHandler.csproj
		SccProjectName3 = RVApiHandler
		SccLocalPath3 = RVApiHandler
	EndGlobalSection
EndGlobal
